
Microsoft Visual Studio Solution File, Format Version 12.00
# Visual Studio Version 17
VisualStudioVersion = 17.9.34902.65
MinimumVisualStudioVersion = 10.0.40219.1
Project("{FAE04EC0-301F-11D3-BF4B-00C04F79EFBC}") = "PLCSumulation", "PLCSumulation\PLCSumulation.csproj", "{23CD62FC-387E-4DC4-BA95-A8EA342FBEFC}"
EndProject
Global
	GlobalSection(SolutionConfigurationPlatforms) = preSolution
		Debug|Any CPU = Debug|Any CPU
		Release|Any CPU = Release|Any CPU
	EndGlobalSection
	GlobalSection(ProjectConfigurationPlatforms) = postSolution
		{23CD62FC-387E-4DC4-BA95-A8EA342FBEFC}.Debug|Any CPU.ActiveCfg = Debug|Any CPU
		{23CD62FC-387E-4DC4-BA95-A8EA342FBEFC}.Debug|Any CPU.Build.0 = Debug|Any CPU
		{23CD62FC-387E-4DC4-BA95-A8EA342FBEFC}.Release|Any CPU.ActiveCfg = Release|Any CPU
		{23CD62FC-387E-4DC4-BA95-A8EA342FBEFC}.Release|Any CPU.Build.0 = Release|Any CPU
	EndGlobalSection
	GlobalSection(SolutionProperties) = preSolution
		HideSolutionNode = FALSE
	EndGlobalSection
	GlobalSection(ExtensibilityGlobals) = postSolution
		SolutionGuid = {358D31E5-D3C5-41B8-A8DA-B59C920986B9}
	EndGlobalSection
EndGlobal
